
Microsoft Visual Studio Solution File, Format Version 12.00
# Visual Studio Version 17
VisualStudioVersion = 17.10.35122.118
MinimumVisualStudioVersion = 10.0.40219.1
Project("{8BC9CEB8-8B4A-11D0-8D11-00A0C91BC942}") = "EJ1-1", "EJ1-1\EJ1-1.vcxproj", "{3638A22E-31CB-4974-8336-4150AE271B46}"
EndProject
Global
	GlobalSection(SolutionConfigurationPlatforms) = preSolution
		Debug|x64 = Debug|x64
		Debug|x86 = Debug|x86
		Release|x64 = Release|x64
		Release|x86 = Release|x86
	EndGlobalSection
	GlobalSection(ProjectConfigurationPlatforms) = postSolution
		{3638A22E-31CB-4974-8336-4150AE271B46}.Debug|x64.ActiveCfg = Debug|x64
		{3638A22E-31CB-4974-8336-4150AE271B46}.Debug|x64.Build.0 = Debug|x64
		{3638A22E-31CB-4974-8336-4150AE271B46}.Debug|x86.ActiveCfg = Debug|Win32
		{3638A22E-31CB-4974-8336-4150AE271B46}.Debug|x86.Build.0 = Debug|Win32
		{3638A22E-31CB-4974-8336-4150AE271B46}.Release|x64.ActiveCfg = Release|x64
		{3638A22E-31CB-4974-8336-4150AE271B46}.Release|x64.Build.0 = Release|x64
		{3638A22E-31CB-4974-8336-4150AE271B46}.Release|x86.ActiveCfg = Release|Win32
		{3638A22E-31CB-4974-8336-4150AE271B46}.Release|x86.Build.0 = Release|Win32
	EndGlobalSection
	GlobalSection(SolutionProperties) = preSolution
		HideSolutionNode = FALSE
	EndGlobalSection
	GlobalSection(ExtensibilityGlobals) = postSolution
		SolutionGuid = {B6CC3542-4865-4207-89AD-000C42A2D9FD}
	EndGlobalSection
EndGlobal
